// !$*UTF8*$!
{
	archiveVersion = 1;
	classes = {
	};
	objectVersion = 46;
	objects = {

/* Begin PBXBuildFile section */
		50352B75212F8BA2001DF09A /* DateSelectorView.swift in Sources */ = {isa = PBXBuildFile; fileRef = 50352B74212F8BA2001DF09A /* DateSelectorView.swift */; };
		50352B77212F8C23001DF09A /* SystemColors.swift in Sources */ = {isa = PBXBuildFile; fileRef = 50352B76212F8C23001DF09A /* SystemColors.swift */; };
		50352B7D212F91F6001DF09A /* CounterViewController.swift in Sources */ = {isa = PBXBuildFile; fileRef = 50352B7C212F91F6001DF09A /* CounterViewController.swift */; };
		50352B7F212F92A2001DF09A /* TimeDeltaButtonType.swift in Sources */ = {isa = PBXBuildFile; fileRef = 50352B7E212F92A2001DF09A /* TimeDeltaButtonType.swift */; };
		50352B81212F92CE001DF09A /* TimeDeltaButton.swift in Sources */ = {isa = PBXBuildFile; fileRef = 50352B80212F92CE001DF09A /* TimeDeltaButton.swift */; };
		50470B1D213071CB009043BB /* DateCalculator.swift in Sources */ = {isa = PBXBuildFile; fileRef = 50470B1C213071CB009043BB /* DateCalculator.swift */; };
		50470B1F213072C0009043BB /* TimeDifference.swift in Sources */ = {isa = PBXBuildFile; fileRef = 50470B1E213072C0009043BB /* TimeDifference.swift */; };
		50470B2121308254009043BB /* TitleStringFormatter.swift in Sources */ = {isa = PBXBuildFile; fileRef = 50470B2021308254009043BB /* TitleStringFormatter.swift */; };
		5053975A213F3DA1002CFDFE /* DateSelectorAnimationController.swift in Sources */ = {isa = PBXBuildFile; fileRef = 50539759213F3DA1002CFDFE /* DateSelectorAnimationController.swift */; };
		5070D03D1F1BC04100CE7E90 /* AppDelegate.swift in Sources */ = {isa = PBXBuildFile; fileRef = 5070D03C1F1BC04100CE7E90 /* AppDelegate.swift */; };
		5070D0421F1BC04100CE7E90 /* Main.storyboard in Resources */ = {isa = PBXBuildFile; fileRef = 5070D0401F1BC04100CE7E90 /* Main.storyboard */; };
		5070D0441F1BC04100CE7E90 /* Assets.xcassets in Resources */ = {isa = PBXBuildFile; fileRef = 5070D0431F1BC04100CE7E90 /* Assets.xcassets */; };
		5070D0471F1BC04100CE7E90 /* LaunchScreen.storyboard in Resources */ = {isa = PBXBuildFile; fileRef = 5070D0451F1BC04100CE7E90 /* LaunchScreen.storyboard */; };
		5070D0521F1BC04100CE7E90 /* CountUpTests.swift in Sources */ = {isa = PBXBuildFile; fileRef = 5070D0511F1BC04100CE7E90 /* CountUpTests.swift */; };
		5070D05D1F1BC04100CE7E90 /* CountUpUITests.swift in Sources */ = {isa = PBXBuildFile; fileRef = 5070D05C1F1BC04100CE7E90 /* CountUpUITests.swift */; };
		50A20678212E10F0001500CC /* DateSelectorViewController.swift in Sources */ = {isa = PBXBuildFile; fileRef = 50A20677212E10F0001500CC /* DateSelectorViewController.swift */; };
		50A2067A212E111D001500CC /* CounterView.swift in Sources */ = {isa = PBXBuildFile; fileRef = 50A20679212E111D001500CC /* CounterView.swift */; };
		994F88346B4854417EC38B0F /* Pods_CountUp.framework in Frameworks */ = {isa = PBXBuildFile; fileRef = FAF039A072477FE1CFD67735 /* Pods_CountUp.framework */; };
/* End PBXBuildFile section */

/* Begin PBXContainerItemProxy section */
		5070D04E1F1BC04100CE7E90 /* PBXContainerItemProxy */ = {
			isa = PBXContainerItemProxy;
			containerPortal = 5070D0311F1BC04000CE7E90 /* Project object */;
			proxyType = 1;
			remoteGlobalIDString = 5070D0381F1BC04000CE7E90;
			remoteInfo = CountUp;
		};
		5070D0591F1BC04100CE7E90 /* PBXContainerItemProxy */ = {
			isa = PBXContainerItemProxy;
			containerPortal = 5070D0311F1BC04000CE7E90 /* Project object */;
			proxyType = 1;
			remoteGlobalIDString = 5070D0381F1BC04000CE7E90;
			remoteInfo = CountUp;
		};
/* End PBXContainerItemProxy section */

/* Begin PBXFileReference section */
		03054B729A172645E4EC142C /* Pods-CountUp.release.xcconfig */ = {isa = PBXFileReference; includeInIndex = 1; lastKnownFileType = text.xcconfig; name = "Pods-CountUp.release.xcconfig"; path = "Pods/Target Support Files/Pods-CountUp/Pods-CountUp.release.xcconfig"; sourceTree = "<group>"; };
		50352B74212F8BA2001DF09A /* DateSelectorView.swift */ = {isa = PBXFileReference; lastKnownFileType = sourcecode.swift; path = DateSelectorView.swift; sourceTree = "<group>"; };
		50352B76212F8C23001DF09A /* SystemColors.swift */ = {isa = PBXFileReference; lastKnownFileType = sourcecode.swift; path = SystemColors.swift; sourceTree = "<group>"; };
		50352B7C212F91F6001DF09A /* CounterViewController.swift */ = {isa = PBXFileReference; lastKnownFileType = sourcecode.swift; path = CounterViewController.swift; sourceTree = "<group>"; };
		50352B7E212F92A2001DF09A /* TimeDeltaButtonType.swift */ = {isa = PBXFileReference; lastKnownFileType = sourcecode.swift; path = TimeDeltaButtonType.swift; sourceTree = "<group>"; };
		50352B80212F92CE001DF09A /* TimeDeltaButton.swift */ = {isa = PBXFileReference; lastKnownFileType = sourcecode.swift; path = TimeDeltaButton.swift; sourceTree = "<group>"; };
		50470B1C213071CB009043BB /* DateCalculator.swift */ = {isa = PBXFileReference; lastKnownFileType = sourcecode.swift; path = DateCalculator.swift; sourceTree = "<group>"; };
		50470B1E213072C0009043BB /* TimeDifference.swift */ = {isa = PBXFileReference; lastKnownFileType = sourcecode.swift; path = TimeDifference.swift; sourceTree = "<group>"; };
		50470B2021308254009043BB /* TitleStringFormatter.swift */ = {isa = PBXFileReference; lastKnownFileType = sourcecode.swift; path = TitleStringFormatter.swift; sourceTree = "<group>"; };
		50539759213F3DA1002CFDFE /* DateSelectorAnimationController.swift */ = {isa = PBXFileReference; lastKnownFileType = sourcecode.swift; path = DateSelectorAnimationController.swift; sourceTree = "<group>"; };
		5070D0391F1BC04100CE7E90 /* CountUp.app */ = {isa = PBXFileReference; explicitFileType = wrapper.application; includeInIndex = 0; path = CountUp.app; sourceTree = BUILT_PRODUCTS_DIR; };
		5070D03C1F1BC04100CE7E90 /* AppDelegate.swift */ = {isa = PBXFileReference; lastKnownFileType = sourcecode.swift; path = AppDelegate.swift; sourceTree = "<group>"; };
		5070D0411F1BC04100CE7E90 /* Base */ = {isa = PBXFileReference; lastKnownFileType = file.storyboard; name = Base; path = Base.lproj/Main.storyboard; sourceTree = "<group>"; };
		5070D0431F1BC04100CE7E90 /* Assets.xcassets */ = {isa = PBXFileReference; lastKnownFileType = folder.assetcatalog; path = Assets.xcassets; sourceTree = "<group>"; };
		5070D0461F1BC04100CE7E90 /* Base */ = {isa = PBXFileReference; lastKnownFileType = file.storyboard; name = Base; path = Base.lproj/LaunchScreen.storyboard; sourceTree = "<group>"; };
		5070D0481F1BC04100CE7E90 /* Info.plist */ = {isa = PBXFileReference; lastKnownFileType = text.plist.xml; path = Info.plist; sourceTree = "<group>"; };
		5070D04D1F1BC04100CE7E90 /* CountUpTests.xctest */ = {isa = PBXFileReference; explicitFileType = wrapper.cfbundle; includeInIndex = 0; path = CountUpTests.xctest; sourceTree = BUILT_PRODUCTS_DIR; };
		5070D0511F1BC04100CE7E90 /* CountUpTests.swift */ = {isa = PBXFileReference; lastKnownFileType = sourcecode.swift; path = CountUpTests.swift; sourceTree = "<group>"; };
		5070D0531F1BC04100CE7E90 /* Info.plist */ = {isa = PBXFileReference; lastKnownFileType = text.plist.xml; path = Info.plist; sourceTree = "<group>"; };
		5070D0581F1BC04100CE7E90 /* CountUpUITests.xctest */ = {isa = PBXFileReference; explicitFileType = wrapper.cfbundle; includeInIndex = 0; path = CountUpUITests.xctest; sourceTree = BUILT_PRODUCTS_DIR; };
		5070D05C1F1BC04100CE7E90 /* CountUpUITests.swift */ = {isa = PBXFileReference; lastKnownFileType = sourcecode.swift; path = CountUpUITests.swift; sourceTree = "<group>"; };
		5070D05E1F1BC04100CE7E90 /* Info.plist */ = {isa = PBXFileReference; lastKnownFileType = text.plist.xml; path = Info.plist; sourceTree = "<group>"; };
		50A20677212E10F0001500CC /* DateSelectorViewController.swift */ = {isa = PBXFileReference; lastKnownFileType = sourcecode.swift; path = DateSelectorViewController.swift; sourceTree = "<group>"; };
		50A20679212E111D001500CC /* CounterView.swift */ = {isa = PBXFileReference; lastKnownFileType = sourcecode.swift; path = CounterView.swift; sourceTree = "<group>"; };
		DAB54E81E3728B196DDDAC65 /* Pods-CountUp.debug.xcconfig */ = {isa = PBXFileReference; includeInIndex = 1; lastKnownFileType = text.xcconfig; name = "Pods-CountUp.debug.xcconfig"; path = "Pods/Target Support Files/Pods-CountUp/Pods-CountUp.debug.xcconfig"; sourceTree = "<group>"; };
		FAF039A072477FE1CFD67735 /* Pods_CountUp.framework */ = {isa = PBXFileReference; explicitFileType = wrapper.framework; includeInIndex = 0; path = Pods_CountUp.framework; sourceTree = BUILT_PRODUCTS_DIR; };
/* End PBXFileReference section */

/* Begin PBXFrameworksBuildPhase section */
		5070D0361F1BC04000CE7E90 /* Frameworks */ = {
			isa = PBXFrameworksBuildPhase;
			buildActionMask = 2147483647;
			files = (
				994F88346B4854417EC38B0F /* Pods_CountUp.framework in Frameworks */,
			);
			runOnlyForDeploymentPostprocessing = 0;
		};
		5070D04A1F1BC04100CE7E90 /* Frameworks */ = {
			isa = PBXFrameworksBuildPhase;
			buildActionMask = 2147483647;
			files = (
			);
			runOnlyForDeploymentPostprocessing = 0;
		};
		5070D0551F1BC04100CE7E90 /* Frameworks */ = {
			isa = PBXFrameworksBuildPhase;
			buildActionMask = 2147483647;
			files = (
			);
			runOnlyForDeploymentPostprocessing = 0;
		};
/* End PBXFrameworksBuildPhase section */

/* Begin PBXGroup section */
		12E43186436ABF74045F46A1 /* Pods */ = {
			isa = PBXGroup;
			children = (
				DAB54E81E3728B196DDDAC65 /* Pods-CountUp.debug.xcconfig */,
				03054B729A172645E4EC142C /* Pods-CountUp.release.xcconfig */,
			);
			name = Pods;
			sourceTree = "<group>";
		};
		50352B78212F8CD8001DF09A /* View Controllers */ = {
			isa = PBXGroup;
			children = (
				50352B7C212F91F6001DF09A /* CounterViewController.swift */,
				50A20677212E10F0001500CC /* DateSelectorViewController.swift */,
			);
			path = "View Controllers";
			sourceTree = "<group>";
		};
		50352B79212F8CE8001DF09A /* Helper Files */ = {
			isa = PBXGroup;
			children = (
				50470B1E213072C0009043BB /* TimeDifference.swift */,
				50352B76212F8C23001DF09A /* SystemColors.swift */,
				50352B7E212F92A2001DF09A /* TimeDeltaButtonType.swift */,
				50470B1C213071CB009043BB /* DateCalculator.swift */,
				50470B2021308254009043BB /* TitleStringFormatter.swift */,
			);
			path = "Helper Files";
			sourceTree = "<group>";
		};
		50352B7A212F8D01001DF09A /* Views */ = {
			isa = PBXGroup;
			children = (
				50352B74212F8BA2001DF09A /* DateSelectorView.swift */,
				50A20679212E111D001500CC /* CounterView.swift */,
				50352B80212F92CE001DF09A /* TimeDeltaButton.swift */,
			);
			path = Views;
			sourceTree = "<group>";
		};
		50352B7B212F8D0D001DF09A /* Storyboards */ = {
			isa = PBXGroup;
			children = (
				5070D0451F1BC04100CE7E90 /* LaunchScreen.storyboard */,
				5070D0401F1BC04100CE7E90 /* Main.storyboard */,
			);
			path = Storyboards;
			sourceTree = "<group>";
		};
		50539758213F3D7A002CFDFE /* Animated Transitions */ = {
			isa = PBXGroup;
			children = (
				50539759213F3DA1002CFDFE /* DateSelectorAnimationController.swift */,
			);
			path = "Animated Transitions";
			sourceTree = "<group>";
		};
		5070D0301F1BC04000CE7E90 = {
			isa = PBXGroup;
			children = (
				5070D03B1F1BC04100CE7E90 /* CountUp */,
				5070D0501F1BC04100CE7E90 /* CountUpTests */,
				5070D05B1F1BC04100CE7E90 /* CountUpUITests */,
				5070D03A1F1BC04100CE7E90 /* Products */,
				12E43186436ABF74045F46A1 /* Pods */,
				92CF1872F5D9A6FF6D47CF31 /* Frameworks */,
			);
			sourceTree = "<group>";
		};
		5070D03A1F1BC04100CE7E90 /* Products */ = {
			isa = PBXGroup;
			children = (
				5070D0391F1BC04100CE7E90 /* CountUp.app */,
				5070D04D1F1BC04100CE7E90 /* CountUpTests.xctest */,
				5070D0581F1BC04100CE7E90 /* CountUpUITests.xctest */,
			);
			name = Products;
			sourceTree = "<group>";
		};
		5070D03B1F1BC04100CE7E90 /* CountUp */ = {
			isa = PBXGroup;
			children = (
				50539758213F3D7A002CFDFE /* Animated Transitions */,
				50352B7B212F8D0D001DF09A /* Storyboards */,
				50352B7A212F8D01001DF09A /* Views */,
				50352B79212F8CE8001DF09A /* Helper Files */,
				50352B78212F8CD8001DF09A /* View Controllers */,
				5070D03C1F1BC04100CE7E90 /* AppDelegate.swift */,
				5070D0431F1BC04100CE7E90 /* Assets.xcassets */,
				5070D0481F1BC04100CE7E90 /* Info.plist */,
			);
			path = CountUp;
			sourceTree = "<group>";
		};
		5070D0501F1BC04100CE7E90 /* CountUpTests */ = {
			isa = PBXGroup;
			children = (
				5070D0511F1BC04100CE7E90 /* CountUpTests.swift */,
				5070D0531F1BC04100CE7E90 /* Info.plist */,
			);
			path = CountUpTests;
			sourceTree = "<group>";
		};
		5070D05B1F1BC04100CE7E90 /* CountUpUITests */ = {
			isa = PBXGroup;
			children = (
				5070D05C1F1BC04100CE7E90 /* CountUpUITests.swift */,
				5070D05E1F1BC04100CE7E90 /* Info.plist */,
			);
			path = CountUpUITests;
			sourceTree = "<group>";
		};
		92CF1872F5D9A6FF6D47CF31 /* Frameworks */ = {
			isa = PBXGroup;
			children = (
				FAF039A072477FE1CFD67735 /* Pods_CountUp.framework */,
			);
			name = Frameworks;
			sourceTree = "<group>";
		};
/* End PBXGroup section */

/* Begin PBXNativeTarget section */
		5070D0381F1BC04000CE7E90 /* CountUp */ = {
			isa = PBXNativeTarget;
			buildConfigurationList = 5070D0611F1BC04100CE7E90 /* Build configuration list for PBXNativeTarget "CountUp" */;
			buildPhases = (
				410A510F0EC3F1315D69C21D /* [CP] Check Pods Manifest.lock */,
				5070D0351F1BC04000CE7E90 /* Sources */,
				5070D0361F1BC04000CE7E90 /* Frameworks */,
				5070D0371F1BC04000CE7E90 /* Resources */,
			);
			buildRules = (
			);
			dependencies = (
			);
			name = CountUp;
			productName = CountUp;
			productReference = 5070D0391F1BC04100CE7E90 /* CountUp.app */;
			productType = "com.apple.product-type.application";
		};
		5070D04C1F1BC04100CE7E90 /* CountUpTests */ = {
			isa = PBXNativeTarget;
			buildConfigurationList = 5070D0641F1BC04100CE7E90 /* Build configuration list for PBXNativeTarget "CountUpTests" */;
			buildPhases = (
				5070D0491F1BC04100CE7E90 /* Sources */,
				5070D04A1F1BC04100CE7E90 /* Frameworks */,
				5070D04B1F1BC04100CE7E90 /* Resources */,
			);
			buildRules = (
			);
			dependencies = (
				5070D04F1F1BC04100CE7E90 /* PBXTargetDependency */,
			);
			name = CountUpTests;
			productName = CountUpTests;
			productReference = 5070D04D1F1BC04100CE7E90 /* CountUpTests.xctest */;
			productType = "com.apple.product-type.bundle.unit-test";
		};
		5070D0571F1BC04100CE7E90 /* CountUpUITests */ = {
			isa = PBXNativeTarget;
			buildConfigurationList = 5070D0671F1BC04100CE7E90 /* Build configuration list for PBXNativeTarget "CountUpUITests" */;
			buildPhases = (
				5070D0541F1BC04100CE7E90 /* Sources */,
				5070D0551F1BC04100CE7E90 /* Frameworks */,
				5070D0561F1BC04100CE7E90 /* Resources */,
			);
			buildRules = (
			);
			dependencies = (
				5070D05A1F1BC04100CE7E90 /* PBXTargetDependency */,
			);
			name = CountUpUITests;
			productName = CountUpUITests;
			productReference = 5070D0581F1BC04100CE7E90 /* CountUpUITests.xctest */;
			productType = "com.apple.product-type.bundle.ui-testing";
		};
/* End PBXNativeTarget section */

/* Begin PBXProject section */
		5070D0311F1BC04000CE7E90 /* Project object */ = {
			isa = PBXProject;
			attributes = {
				LastSwiftUpdateCheck = 0820;
				LastUpgradeCheck = 0930;
				ORGANIZATIONNAME = com.example;
				TargetAttributes = {
					5070D0381F1BC04000CE7E90 = {
						CreatedOnToolsVersion = 8.2.1;
						DevelopmentTeam = D5V9DEDBX9;
						LastSwiftMigration = 0930;
						ProvisioningStyle = Automatic;
					};
					5070D04C1F1BC04100CE7E90 = {
						CreatedOnToolsVersion = 8.2.1;
						DevelopmentTeam = D5V9DEDBX9;
						LastSwiftMigration = 0930;
						ProvisioningStyle = Automatic;
						TestTargetID = 5070D0381F1BC04000CE7E90;
					};
					5070D0571F1BC04100CE7E90 = {
						CreatedOnToolsVersion = 8.2.1;
						DevelopmentTeam = D5V9DEDBX9;
						LastSwiftMigration = 0930;
						ProvisioningStyle = Automatic;
						TestTargetID = 5070D0381F1BC04000CE7E90;
					};
				};
			};
			buildConfigurationList = 5070D0341F1BC04000CE7E90 /* Build configuration list for PBXProject "CountUp" */;
			compatibilityVersion = "Xcode 3.2";
			developmentRegion = English;
			hasScannedForEncodings = 0;
			knownRegions = (
				en,
				Base,
			);
			mainGroup = 5070D0301F1BC04000CE7E90;
			productRefGroup = 5070D03A1F1BC04100CE7E90 /* Products */;
			projectDirPath = "";
			projectRoot = "";
			targets = (
				5070D0381F1BC04000CE7E90 /* CountUp */,
				5070D04C1F1BC04100CE7E90 /* CountUpTests */,
				5070D0571F1BC04100CE7E90 /* CountUpUITests */,
			);
		};
/* End PBXProject section */

/* Begin PBXResourcesBuildPhase section */
		5070D0371F1BC04000CE7E90 /* Resources */ = {
			isa = PBXResourcesBuildPhase;
			buildActionMask = 2147483647;
			files = (
				5070D0471F1BC04100CE7E90 /* LaunchScreen.storyboard in Resources */,
				5070D0441F1BC04100CE7E90 /* Assets.xcassets in Resources */,
				5070D0421F1BC04100CE7E90 /* Main.storyboard in Resources */,
			);
			runOnlyForDeploymentPostprocessing = 0;
		};
		5070D04B1F1BC04100CE7E90 /* Resources */ = {
			isa = PBXResourcesBuildPhase;
			buildActionMask = 2147483647;
			files = (
			);
			runOnlyForDeploymentPostprocessing = 0;
		};
		5070D0561F1BC04100CE7E90 /* Resources */ = {
			isa = PBXResourcesBuildPhase;
			buildActionMask = 2147483647;
			files = (
			);
			runOnlyForDeploymentPostprocessing = 0;
		};
/* End PBXResourcesBuildPhase section */

/* Begin PBXShellScriptBuildPhase section */
		410A510F0EC3F1315D69C21D /* [CP] Check Pods Manifest.lock */ = {
			isa = PBXShellScriptBuildPhase;
			buildActionMask = 2147483647;
			files = (
			);
			inputPaths = (
				"${PODS_PODFILE_DIR_PATH}/Podfile.lock",
				"${PODS_ROOT}/Manifest.lock",
			);
			name = "[CP] Check Pods Manifest.lock";
			outputPaths = (
				"$(DERIVED_FILE_DIR)/Pods-CountUp-checkManifestLockResult.txt",
			);
			runOnlyForDeploymentPostprocessing = 0;
			shellPath = /bin/sh;
			shellScript = "diff \"${PODS_PODFILE_DIR_PATH}/Podfile.lock\" \"${PODS_ROOT}/Manifest.lock\" > /dev/null\nif [ $? != 0 ] ; then\n    # print error to STDERR\n    echo \"error: The sandbox is not in sync with the Podfile.lock. Run 'pod install' or update your CocoaPods installation.\" >&2\n    exit 1\nfi\n# This output is used by Xcode 'outputs' to avoid re-running this script phase.\necho \"SUCCESS\" > \"${SCRIPT_OUTPUT_FILE_0}\"\n";
			showEnvVarsInLog = 0;
		};
/* End PBXShellScriptBuildPhase section */

/* Begin PBXSourcesBuildPhase section */
		5070D0351F1BC04000CE7E90 /* Sources */ = {
			isa = PBXSourcesBuildPhase;
			buildActionMask = 2147483647;
			files = (
				50470B2121308254009043BB /* TitleStringFormatter.swift in Sources */,
				50470B1D213071CB009043BB /* DateCalculator.swift in Sources */,
				50A20678212E10F0001500CC /* DateSelectorViewController.swift in Sources */,
				50352B75212F8BA2001DF09A /* DateSelectorView.swift in Sources */,
				50470B1F213072C0009043BB /* TimeDifference.swift in Sources */,
				5070D03D1F1BC04100CE7E90 /* AppDelegate.swift in Sources */,
				50352B81212F92CE001DF09A /* TimeDeltaButton.swift in Sources */,
				50352B7D212F91F6001DF09A /* CounterViewController.swift in Sources */,
				5053975A213F3DA1002CFDFE /* DateSelectorAnimationController.swift in Sources */,
				50352B77212F8C23001DF09A /* SystemColors.swift in Sources */,
				50A2067A212E111D001500CC /* CounterView.swift in Sources */,
				50352B7F212F92A2001DF09A /* TimeDeltaButtonType.swift in Sources */,
			);
			runOnlyForDeploymentPostprocessing = 0;
		};
		5070D0491F1BC04100CE7E90 /* Sources */ = {
			isa = PBXSourcesBuildPhase;
			buildActionMask = 2147483647;
			files = (
				5070D0521F1BC04100CE7E90 /* CountUpTests.swift in Sources */,
			);
			runOnlyForDeploymentPostprocessing = 0;
		};
		5070D0541F1BC04100CE7E90 /* Sources */ = {
			isa = PBXSourcesBuildPhase;
			buildActionMask = 2147483647;
			files = (
				5070D05D1F1BC04100CE7E90 /* CountUpUITests.swift in Sources */,
			);
			runOnlyForDeploymentPostprocessing = 0;
		};
/* End PBXSourcesBuildPhase section */

/* Begin PBXTargetDependency section */
		5070D04F1F1BC04100CE7E90 /* PBXTargetDependency */ = {
			isa = PBXTargetDependency;
			target = 5070D0381F1BC04000CE7E90 /* CountUp */;
			targetProxy = 5070D04E1F1BC04100CE7E90 /* PBXContainerItemProxy */;
		};
		5070D05A1F1BC04100CE7E90 /* PBXTargetDependency */ = {
			isa = PBXTargetDependency;
			target = 5070D0381F1BC04000CE7E90 /* CountUp */;
			targetProxy = 5070D0591F1BC04100CE7E90 /* PBXContainerItemProxy */;
		};
/* End PBXTargetDependency section */

/* Begin PBXVariantGroup section */
		5070D0401F1BC04100CE7E90 /* Main.storyboard */ = {
			isa = PBXVariantGroup;
			children = (
				5070D0411F1BC04100CE7E90 /* Base */,
			);
			name = Main.storyboard;
			sourceTree = "<group>";
		};
		5070D0451F1BC04100CE7E90 /* LaunchScreen.storyboard */ = {
			isa = PBXVariantGroup;
			children = (
				5070D0461F1BC04100CE7E90 /* Base */,
			);
			name = LaunchScreen.storyboard;
			sourceTree = "<group>";
		};
/* End PBXVariantGroup section */

/* Begin XCBuildConfiguration section */
		5070D05F1F1BC04100CE7E90 /* Debug */ = {
			isa = XCBuildConfiguration;
			buildSettings = {
				ALWAYS_SEARCH_USER_PATHS = NO;
				CLANG_ANALYZER_NONNULL = YES;
				CLANG_CXX_LANGUAGE_STANDARD = "gnu++0x";
				CLANG_CXX_LIBRARY = "libc++";
				CLANG_ENABLE_MODULES = YES;
				CLANG_ENABLE_OBJC_ARC = YES;
				CLANG_WARN_BLOCK_CAPTURE_AUTORELEASING = YES;
				CLANG_WARN_BOOL_CONVERSION = YES;
				CLANG_WARN_COMMA = YES;
				CLANG_WARN_CONSTANT_CONVERSION = YES;
				CLANG_WARN_DEPRECATED_OBJC_IMPLEMENTATIONS = YES;
				CLANG_WARN_DIRECT_OBJC_ISA_USAGE = YES_ERROR;
				CLANG_WARN_DOCUMENTATION_COMMENTS = YES;
				CLANG_WARN_EMPTY_BODY = YES;
				CLANG_WARN_ENUM_CONVERSION = YES;
				CLANG_WARN_INFINITE_RECURSION = YES;
				CLANG_WARN_INT_CONVERSION = YES;
				CLANG_WARN_NON_LITERAL_NULL_CONVERSION = YES;
				CLANG_WARN_OBJC_IMPLICIT_RETAIN_SELF = YES;
				CLANG_WARN_OBJC_LITERAL_CONVERSION = YES;
				CLANG_WARN_OBJC_ROOT_CLASS = YES_ERROR;
				CLANG_WARN_RANGE_LOOP_ANALYSIS = YES;
				CLANG_WARN_STRICT_PROTOTYPES = YES;
				CLANG_WARN_SUSPICIOUS_MOVE = YES;
				CLANG_WARN_UNREACHABLE_CODE = YES;
				CLANG_WARN__DUPLICATE_METHOD_MATCH = YES;
				"CODE_SIGN_IDENTITY[sdk=iphoneos*]" = "iPhone Developer";
				COPY_PHASE_STRIP = NO;
				DEBUG_INFORMATION_FORMAT = dwarf;
				ENABLE_STRICT_OBJC_MSGSEND = YES;
				ENABLE_TESTABILITY = YES;
				GCC_C_LANGUAGE_STANDARD = gnu99;
				GCC_DYNAMIC_NO_PIC = NO;
				GCC_NO_COMMON_BLOCKS = YES;
				GCC_OPTIMIZATION_LEVEL = 0;
				GCC_PREPROCESSOR_DEFINITIONS = (
					"DEBUG=1",
					"$(inherited)",
				);
				GCC_WARN_64_TO_32_BIT_CONVERSION = YES;
				GCC_WARN_ABOUT_RETURN_TYPE = YES_ERROR;
				GCC_WARN_UNDECLARED_SELECTOR = YES;
				GCC_WARN_UNINITIALIZED_AUTOS = YES_AGGRESSIVE;
				GCC_WARN_UNUSED_FUNCTION = YES;
				GCC_WARN_UNUSED_VARIABLE = YES;
				IPHONEOS_DEPLOYMENT_TARGET = 10.2;
				MTL_ENABLE_DEBUG_INFO = YES;
				ONLY_ACTIVE_ARCH = YES;
				SDKROOT = iphoneos;
				SWIFT_ACTIVE_COMPILATION_CONDITIONS = DEBUG;
				SWIFT_OPTIMIZATION_LEVEL = "-Onone";
				SWIFT_SWIFT3_OBJC_INFERENCE = Default;
				TARGETED_DEVICE_FAMILY = 2;
			};
			name = Debug;
		};
		5070D0601F1BC04100CE7E90 /* Release */ = {
			isa = XCBuildConfiguration;
			buildSettings = {
				ALWAYS_SEARCH_USER_PATHS = NO;
				CLANG_ANALYZER_NONNULL = YES;
				CLANG_CXX_LANGUAGE_STANDARD = "gnu++0x";
				CLANG_CXX_LIBRARY = "libc++";
				CLANG_ENABLE_MODULES = YES;
				CLANG_ENABLE_OBJC_ARC = YES;
				CLANG_WARN_BLOCK_CAPTURE_AUTORELEASING = YES;
				CLANG_WARN_BOOL_CONVERSION = YES;
				CLANG_WARN_COMMA = YES;
				CLANG_WARN_CONSTANT_CONVERSION = YES;
				CLANG_WARN_DEPRECATED_OBJC_IMPLEMENTATIONS = YES;
				CLANG_WARN_DIRECT_OBJC_ISA_USAGE = YES_ERROR;
				CLANG_WARN_DOCUMENTATION_COMMENTS = YES;
				CLANG_WARN_EMPTY_BODY = YES;
				CLANG_WARN_ENUM_CONVERSION = YES;
				CLANG_WARN_INFINITE_RECURSION = YES;
				CLANG_WARN_INT_CONVERSION = YES;
				CLANG_WARN_NON_LITERAL_NULL_CONVERSION = YES;
				CLANG_WARN_OBJC_IMPLICIT_RETAIN_SELF = YES;
				CLANG_WARN_OBJC_LITERAL_CONVERSION = YES;
				CLANG_WARN_OBJC_ROOT_CLASS = YES_ERROR;
				CLANG_WARN_RANGE_LOOP_ANALYSIS = YES;
				CLANG_WARN_STRICT_PROTOTYPES = YES;
				CLANG_WARN_SUSPICIOUS_MOVE = YES;
				CLANG_WARN_UNREACHABLE_CODE = YES;
				CLANG_WARN__DUPLICATE_METHOD_MATCH = YES;
				"CODE_SIGN_IDENTITY[sdk=iphoneos*]" = "iPhone Developer";
				COPY_PHASE_STRIP = NO;
				DEBUG_INFORMATION_FORMAT = "dwarf-with-dsym";
				ENABLE_NS_ASSERTIONS = NO;
				ENABLE_STRICT_OBJC_MSGSEND = YES;
				GCC_C_LANGUAGE_STANDARD = gnu99;
				GCC_NO_COMMON_BLOCKS = YES;
				GCC_WARN_64_TO_32_BIT_CONVERSION = YES;
				GCC_WARN_ABOUT_RETURN_TYPE = YES_ERROR;
				GCC_WARN_UNDECLARED_SELECTOR = YES;
				GCC_WARN_UNINITIALIZED_AUTOS = YES_AGGRESSIVE;
				GCC_WARN_UNUSED_FUNCTION = YES;
				GCC_WARN_UNUSED_VARIABLE = YES;
				IPHONEOS_DEPLOYMENT_TARGET = 10.2;
				MTL_ENABLE_DEBUG_INFO = NO;
				SDKROOT = iphoneos;
				SWIFT_OPTIMIZATION_LEVEL = "-Owholemodule";
				SWIFT_SWIFT3_OBJC_INFERENCE = Default;
				TARGETED_DEVICE_FAMILY = 2;
				VALIDATE_PRODUCT = YES;
			};
			name = Release;
		};
		5070D0621F1BC04100CE7E90 /* Debug */ = {
			isa = XCBuildConfiguration;
			baseConfigurationReference = DAB54E81E3728B196DDDAC65 /* Pods-CountUp.debug.xcconfig */;
			buildSettings = {
				ASSETCATALOG_COMPILER_APPICON_NAME = AppIcon;
				DEVELOPMENT_TEAM = D5V9DEDBX9;
				INFOPLIST_FILE = CountUp/Info.plist;
				IPHONEOS_DEPLOYMENT_TARGET = 10.0;
				LD_RUNPATH_SEARCH_PATHS = "$(inherited) @executable_path/Frameworks";
				PRODUCT_BUNDLE_IDENTIFIER = AlexGriswold.CountUpper;
				PRODUCT_NAME = "$(TARGET_NAME)";
				SWIFT_SWIFT3_OBJC_INFERENCE = Default;
				SWIFT_VERSION = 4.0;
				TARGETED_DEVICE_FAMILY = 1;
			};
			name = Debug;
		};
		5070D0631F1BC04100CE7E90 /* Release */ = {
			isa = XCBuildConfiguration;
			baseConfigurationReference = 03054B729A172645E4EC142C /* Pods-CountUp.release.xcconfig */;
			buildSettings = {
				ASSETCATALOG_COMPILER_APPICON_NAME = AppIcon;
				DEVELOPMENT_TEAM = D5V9DEDBX9;
				INFOPLIST_FILE = CountUp/Info.plist;
				IPHONEOS_DEPLOYMENT_TARGET = 10.0;
				LD_RUNPATH_SEARCH_PATHS = "$(inherited) @executable_path/Frameworks";
				PRODUCT_BUNDLE_IDENTIFIER = AlexGriswold.CountUpper;
				PRODUCT_NAME = "$(TARGET_NAME)";
				SWIFT_SWIFT3_OBJC_INFERENCE = Default;
				SWIFT_VERSION = 4.0;
				TARGETED_DEVICE_FAMILY = 1;
			};
			name = Release;
		};
		5070D0651F1BC04100CE7E90 /* Debug */ = {
			isa = XCBuildConfiguration;
			buildSettings = {
				ALWAYS_EMBED_SWIFT_STANDARD_LIBRARIES = YES;
				BUNDLE_LOADER = "$(TEST_HOST)";
				DEVELOPMENT_TEAM = D5V9DEDBX9;
				INFOPLIST_FILE = CountUpTests/Info.plist;
				LD_RUNPATH_SEARCH_PATHS = "$(inherited) @executable_path/Frameworks @loader_path/Frameworks";
				PRODUCT_BUNDLE_IDENTIFIER = AlexGriswold.CountUpTests;
				PRODUCT_NAME = "$(TARGET_NAME)";
				SWIFT_SWIFT3_OBJC_INFERENCE = On;
				SWIFT_VERSION = 4.0;
				TEST_HOST = "$(BUILT_PRODUCTS_DIR)/CountUp.app/CountUp";
			};
			name = Debug;
		};
		5070D0661F1BC04100CE7E90 /* Release */ = {
			isa = XCBuildConfiguration;
			buildSettings = {
				ALWAYS_EMBED_SWIFT_STANDARD_LIBRARIES = YES;
				BUNDLE_LOADER = "$(TEST_HOST)";
				DEVELOPMENT_TEAM = D5V9DEDBX9;
				INFOPLIST_FILE = CountUpTests/Info.plist;
				LD_RUNPATH_SEARCH_PATHS = "$(inherited) @executable_path/Frameworks @loader_path/Frameworks";
				PRODUCT_BUNDLE_IDENTIFIER = AlexGriswold.CountUpTests;
				PRODUCT_NAME = "$(TARGET_NAME)";
				SWIFT_SWIFT3_OBJC_INFERENCE = On;
				SWIFT_VERSION = 4.0;
				TEST_HOST = "$(BUILT_PRODUCTS_DIR)/CountUp.app/CountUp";
			};
			name = Release;
		};
		5070D0681F1BC04100CE7E90 /* Debug */ = {
			isa = XCBuildConfiguration;
			buildSettings = {
				ALWAYS_EMBED_SWIFT_STANDARD_LIBRARIES = YES;
				DEVELOPMENT_TEAM = D5V9DEDBX9;
				INFOPLIST_FILE = CountUpUITests/Info.plist;
				LD_RUNPATH_SEARCH_PATHS = "$(inherited) @executable_path/Frameworks @loader_path/Frameworks";
				PRODUCT_BUNDLE_IDENTIFIER = AlexGriswold.CountUpUITests;
				PRODUCT_NAME = "$(TARGET_NAME)";
				SWIFT_SWIFT3_OBJC_INFERENCE = On;
				SWIFT_VERSION = 4.0;
				TEST_TARGET_NAME = CountUp;
			};
			name = Debug;
		};
		5070D0691F1BC04100CE7E90 /* Release */ = {
			isa = XCBuildConfiguration;
			buildSettings = {
				ALWAYS_EMBED_SWIFT_STANDARD_LIBRARIES = YES;
				DEVELOPMENT_TEAM = D5V9DEDBX9;
				INFOPLIST_FILE = CountUpUITests/Info.plist;
				LD_RUNPATH_SEARCH_PATHS = "$(inherited) @executable_path/Frameworks @loader_path/Frameworks";
				PRODUCT_BUNDLE_IDENTIFIER = AlexGriswold.CountUpUITests;
				PRODUCT_NAME = "$(TARGET_NAME)";
				SWIFT_SWIFT3_OBJC_INFERENCE = On;
				SWIFT_VERSION = 4.0;
				TEST_TARGET_NAME = CountUp;
			};
			name = Release;
		};
/* End XCBuildConfiguration section */

/* Begin XCConfigurationList section */
		5070D0341F1BC04000CE7E90 /* Build configuration list for PBXProject "CountUp" */ = {
			isa = XCConfigurationList;
			buildConfigurations = (
				5070D05F1F1BC04100CE7E90 /* Debug */,
				5070D0601F1BC04100CE7E90 /* Release */,
			);
			defaultConfigurationIsVisible = 0;
			defaultConfigurationName = Release;
		};
		5070D0611F1BC04100CE7E90 /* Build configuration list for PBXNativeTarget "CountUp" */ = {
			isa = XCConfigurationList;
			buildConfigurations = (
				5070D0621F1BC04100CE7E90 /* Debug */,
				5070D0631F1BC04100CE7E90 /* Release */,
			);
			defaultConfigurationIsVisible = 0;
			defaultConfigurationName = Release;
		};
		5070D0641F1BC04100CE7E90 /* Build configuration list for PBXNativeTarget "CountUpTests" */ = {
			isa = XCConfigurationList;
			buildConfigurations = (
				5070D0651F1BC04100CE7E90 /* Debug */,
				5070D0661F1BC04100CE7E90 /* Release */,
			);
			defaultConfigurationIsVisible = 0;
			defaultConfigurationName = Release;
		};
		5070D0671F1BC04100CE7E90 /* Build configuration list for PBXNativeTarget "CountUpUITests" */ = {
			isa = XCConfigurationList;
			buildConfigurations = (
				5070D0681F1BC04100CE7E90 /* Debug */,
				5070D0691F1BC04100CE7E90 /* Release */,
			);
			defaultConfigurationIsVisible = 0;
			defaultConfigurationName = Release;
		};
/* End XCConfigurationList section */
	};
	rootObject = 5070D0311F1BC04000CE7E90 /* Project object */;
}
